
Microsoft Visual Studio Solution File, Format Version 12.00
# Visual Studio Version 17
Project("{8BC9CEB8-8B4A-11D0-8D11-00A0C91BC942}") = "ALL_BUILD", "ALL_BUILD.vcxproj", "{DF3C63E4-1B8E-38C9-8AE3-D000CB8FD531}"
	ProjectSection(ProjectDependencies) = postProject
		{F3A4086A-3EC1-3F3A-A3A1-7E00C0759A6C} = {F3A4086A-3EC1-3F3A-A3A1-7E00C0759A6C}
		{64D1A2CE-5885-3828-BA1D-991E0637BA2C} = {64D1A2CE-5885-3828-BA1D-991E0637BA2C}
		{7E314295-4886-3191-98D1-F5FAA098A0E5} = {7E314295-4886-3191-98D1-F5FAA098A0E5}
		{D329C1CD-205F-3E75-9A69-551A87451566} = {D329C1CD-205F-3E75-9A69-551A87451566}
	EndProjectSection
EndProject
Project("{8BC9CEB8-8B4A-11D0-8D11-00A0C91BC942}") = "ZERO_CHECK", "ZERO_CHECK.vcxproj", "{F3A4086A-3EC1-3F3A-A3A1-7E00C0759A6C}"
	ProjectSection(ProjectDependencies) = postProject
	EndProjectSection
EndProject
Project("{8BC9CEB8-8B4A-11D0-8D11-00A0C91BC942}") = "bench_surface", "bench_surface.vcxproj", "{64D1A2CE-5885-3828-BA1D-991E0637BA2C}"
	ProjectSection(ProjectDependencies) = postProject
		{F3A4086A-3EC1-3F3A-A3A1-7E00C0759A6C} = {F3A4086A-3EC1-3F3A-A3A1-7E00C0759A6C}
		{7E314295-4886-3191-98D1-F5FAA098A0E5} = {7E314295-4886-3191-98D1-F5FAA098A0E5}
	EndProjectSection
EndProject
Project("{8BC9CEB8-8B4A-11D0-8D11-00A0C91BC942}") = "sanos", "sanos.vcxproj", "{7E314295-4886-3191-98D1-F5FAA098A0E5}"
	ProjectSection(ProjectDependencies) = postProject
		{F3A4086A-3EC1-3F3A-A3A1-7E00C0759A6C} = {F3A4086A-3EC1-3F3A-A3A1-7E00C0759A6C}
	EndProjectSection
EndProject
Project("{8BC9CEB8-8B4A-11D0-8D11-00A0C91BC942}") = "test_sanos", "test_sanos.vcxproj", "{D329C1CD-205F-3E75-9A69-551A87451566}"
	ProjectSection(ProjectDependencies) = postProject
		{F3A4086A-3EC1-3F3A-A3A1-7E00C0759A6C} = {F3A4086A-3EC1-3F3A-A3A1-7E00C0759A6C}
		{7E314295-4886-3191-98D1-F5FAA098A0E5} = {7E314295-4886-3191-98D1-F5FAA098A0E5}
	EndProjectSection
EndProject
Global
	GlobalSection(SolutionConfigurationPlatforms) = preSolution
		Debug|x64 = Debug|x64
		Release|x64 = Release|x64
		MinSizeRel|x64 = MinSizeRel|x64
		RelWithDebInfo|x64 = RelWithDebInfo|x64
	EndGlobalSection
	GlobalSection(ProjectConfigurationPlatforms) = postSolution
		{DF3C63E4-1B8E-38C9-8AE3-D000CB8FD531}.Debug|x64.ActiveCfg = Debug|x64
		{DF3C63E4-1B8E-38C9-8AE3-D000CB8FD531}.Release|x64.ActiveCfg = Release|x64
		{DF3C63E4-1B8E-38C9-8AE3-D000CB8FD531}.MinSizeRel|x64.ActiveCfg = MinSizeRel|x64
		{DF3C63E4-1B8E-38C9-8AE3-D000CB8FD531}.RelWithDebInfo|x64.ActiveCfg = RelWithDebInfo|x64
		{F3A4086A-3EC1-3F3A-A3A1-7E00C0759A6C}.Debug|x64.ActiveCfg = Debug|x64
		{F3A4086A-3EC1-3F3A-A3A1-7E00C0759A6C}.Debug|x64.Build.0 = Debug|x64
		{F3A4086A-3EC1-3F3A-A3A1-7E00C0759A6C}.Release|x64.ActiveCfg = Release|x64
		{F3A4086A-3EC1-3F3A-A3A1-7E00C0759A6C}.Release|x64.Build.0 = Release|x64
		{F3A4086A-3EC1-3F3A-A3A1-7E00C0759A6C}.MinSizeRel|x64.ActiveCfg = MinSizeRel|x64
		{F3A4086A-3EC1-3F3A-A3A1-7E00C0759A6C}.MinSizeRel|x64.Build.0 = MinSizeRel|x64
		{F3A4086A-3EC1-3F3A-A3A1-7E00C0759A6C}.RelWithDebInfo|x64.ActiveCfg = RelWithDebInfo|x64
		{F3A4086A-3EC1-3F3A-A3A1-7E00C0759A6C}.RelWithDebInfo|x64.Build.0 = RelWithDebInfo|x64
		{64D1A2CE-5885-3828-BA1D-991E0637BA2C}.Debug|x64.ActiveCfg = Debug|x64
		{64D1A2CE-5885-3828-BA1D-991E0637BA2C}.Debug|x64.Build.0 = Debug|x64
		{64D1A2CE-5885-3828-BA1D-991E0637BA2C}.Release|x64.ActiveCfg = Release|x64
		{64D1A2CE-5885-3828-BA1D-991E0637BA2C}.Release|x64.Build.0 = Release|x64
		{64D1A2CE-5885-3828-BA1D-991E0637BA2C}.MinSizeRel|x64.ActiveCfg = MinSizeRel|x64
		{64D1A2CE-5885-3828-BA1D-991E0637BA2C}.MinSizeRel|x64.Build.0 = MinSizeRel|x64
		{64D1A2CE-5885-3828-BA1D-991E0637BA2C}.RelWithDebInfo|x64.ActiveCfg = RelWithDebInfo|x64
		{64D1A2CE-5885-3828-BA1D-991E0637BA2C}.RelWithDebInfo|x64.Build.0 = RelWithDebInfo|x64
		{7E314295-4886-3191-98D1-F5FAA098A0E5}.Debug|x64.ActiveCfg = Debug|x64
		{7E314295-4886-3191-98D1-F5FAA098A0E5}.Debug|x64.Build.0 = Debug|x64
		{7E314295-4886-3191-98D1-F5FAA098A0E5}.Release|x64.ActiveCfg = Release|x64
		{7E314295-4886-3191-98D1-F5FAA098A0E5}.Release|x64.Build.0 = Release|x64
		{7E314295-4886-3191-98D1-F5FAA098A0E5}.MinSizeRel|x64.ActiveCfg = MinSizeRel|x64
		{7E314295-4886-3191-98D1-F5FAA098A0E5}.MinSizeRel|x64.Build.0 = MinSizeRel|x64
		{7E314295-4886-3191-98D1-F5FAA098A0E5}.RelWithDebInfo|x64.ActiveCfg = RelWithDebInfo|x64
		{7E314295-4886-3191-98D1-F5FAA098A0E5}.RelWithDebInfo|x64.Build.0 = RelWithDebInfo|x64
		{D329C1CD-205F-3E75-9A69-551A87451566}.Debug|x64.ActiveCfg = Debug|x64
		{D329C1CD-205F-3E75-9A69-551A87451566}.Debug|x64.Build.0 = Debug|x64
		{D329C1CD-205F-3E75-9A69-551A87451566}.Release|x64.ActiveCfg = Release|x64
		{D329C1CD-205F-3E75-9A69-551A87451566}.Release|x64.Build.0 = Release|x64
		{D329C1CD-205F-3E75-9A69-551A87451566}.MinSizeRel|x64.ActiveCfg = MinSizeRel|x64
		{D329C1CD-205F-3E75-9A69-551A87451566}.MinSizeRel|x64.Build.0 = MinSizeRel|x64
		{D329C1CD-205F-3E75-9A69-551A87451566}.RelWithDebInfo|x64.ActiveCfg = RelWithDebInfo|x64
		{D329C1CD-205F-3E75-9A69-551A87451566}.RelWithDebInfo|x64.Build.0 = RelWithDebInfo|x64
	EndGlobalSection
	GlobalSection(ExtensibilityGlobals) = postSolution
		SolutionGuid = {4F16A3D8-B2F6-376C-949C-15622D70B915}
	EndGlobalSection
	GlobalSection(ExtensibilityAddIns) = postSolution
	EndGlobalSection
EndGlobal
